# This file is autogenerated, do not edit; changes may be undone by the next 'dep ensure'.


[[projects]]
  digest = "1:f27cbeab063911e8e780e8fc1f3d68d2cd42f47f8c799582cf86e82d0a5c9f07"
  name = "cloud.google.com/go"
  packages = [
    ".",
    "compute/metadata",
    "firestore",
    "firestore/apiv1",
    "iam",
    "internal",
    "internal/btree",
    "internal/fields",
    "internal/optional",
    "internal/trace",
    "internal/version",
    "storage",
  ]
  pruneopts = "UT"
  revision = "d1ee711ee996fa74abaffbdb572963f368f215a9"
  version = "v0.49.0"

[[projects]]
  digest = "1:5537439996c8d88fe48e3c5e08271eb0f3396458ea86dcf166d21fce49ee41c3"
  name = "firebase.google.com/go"
  packages = [
    ".",
    "auth",
    "db",
    "iid",
    "internal",
    "messaging",
    "storage",
  ]
  pruneopts = "UT"
  revision = "25e7c8260393cb8530bf311d2164f9a4875d2bc5"
  version = "v3.10.0"

[[projects]]
  digest = "1:9f3b30d9f8e0d7040f729b82dcbc8f0dead820a133b3147ce355fc451f32d761"
  name = "github.com/BurntSushi/toml"
  packages = ["."]
  pruneopts = "UT"
  revision = "3012a1dbe2e4bd1391d42b32f0577cb7bbc7f005"
  version = "v0.3.1"

[[projects]]
  branch = "master"
  digest = "1:0202f6e258cce9e6d7a90c989d8299d963be69ef8bc4838e105dcfa9bd8a899b"
  name = "github.com/Qolzam/openfaas-firebase-storage"
  packages = ["storage/handlers"]
  pruneopts = "UT"
  revision = "66a2fba2e247f8bdd73f664cce5b1656110621bf"

[[projects]]
  digest = "1:76dc72490af7174349349838f2fe118996381b31ea83243812a97e5a0fd5ed55"
  name = "github.com/dgrijalva/jwt-go"
  packages = ["."]
  pruneopts = "UT"
  revision = "06ea1031745cb8b3dab3f6a236daf2b0aa468b7e"
  version = "v3.2.0"

[[projects]]
  branch = "master"
  digest = "1:b7cb6054d3dff43b38ad2e92492f220f57ae6087ee797dca298139776749ace8"
  name = "github.com/golang/groupcache"
  packages = ["lru"]
  pruneopts = "UT"
  revision = "611e8accdfc92c4187d399e95ce826046d4c8d73"

[[projects]]
  digest = "1:5064d782ab24edf2375d78caeea7f564298b3038f0bc6f84b9bbc09917f01865"
  name = "github.com/golang/protobuf"
  packages = [
    "proto",
    "protoc-gen-go",
    "protoc-gen-go/descriptor",
    "protoc-gen-go/generator",
    "protoc-gen-go/generator/internal/remap",
    "protoc-gen-go/grpc",
    "protoc-gen-go/plugin",
    "ptypes",
    "ptypes/any",
    "ptypes/duration",
    "ptypes/empty",
    "ptypes/struct",
    "ptypes/timestamp",
    "ptypes/wrappers",
  ]
  pruneopts = "UT"
  revision = "6c65a5562fc06764971b7c5d05c76c75e84bdbf7"
  version = "v1.3.2"

[[projects]]
  digest = "1:1d1cbf539d9ac35eb3148129f96be5537f1a1330cadcc7e3a83b4e72a59672a3"
  name = "github.com/google/go-cmp"
  packages = [
    "cmp",
    "cmp/internal/diff",
    "cmp/internal/flags",
    "cmp/internal/function",
    "cmp/internal/value",
  ]
  pruneopts = "UT"
  revision = "2d0692c2e9617365a95b295612ac0d4415ba4627"
  version = "v0.3.1"

[[projects]]
  digest = "1:a63cff6b5d8b95638bfe300385d93b2a6d9d687734b863da8e09dc834510a690"
  name = "github.com/google/go-querystring"
  packages = ["query"]
  pruneopts = "UT"
  revision = "44c6ddd0a2342c386950e880b658017258da92fc"
  version = "v1.0.0"

[[projects]]
  digest = "1:766102087520f9d54f2acc72bd6637045900ac735b4a419b128d216f0c5c4876"
  name = "github.com/googleapis/gax-go"
  packages = ["v2"]
  pruneopts = "UT"
  revision = "bd5b16380fd03dc758d11cef74ba2e3bc8b0e8c2"
  version = "v2.0.5"

[[projects]]
  digest = "1:076c531484852c227471112d49465873aaad47e5ad6e1aec3a5b092a436117ef"
  name = "github.com/jstemmer/go-junit-report"
  packages = [
    ".",
    "formatter",
    "parser",
  ]
  pruneopts = "UT"
  revision = "cc1f095d5cc5eca2844f5c5ea7bb37f6b9bf6cac"
  version = "v0.9.1"

[[projects]]
  digest = "1:84a35669b4b31cc20ffc89c3b2ab32f2189fb2366a973efa1c25e009ef6ae1c6"
  name = "github.com/julienschmidt/httprouter"
  packages = ["."]
  pruneopts = "UT"
  revision = "4eec211fa4e8df74ed978dc5681612131854144f"
  version = "v1.3.0"

[[projects]]
  digest = "1:31e761d97c76151dde79e9d28964a812c46efc5baee4085b86f68f0c654450de"
  name = "github.com/konsorten/go-windows-terminal-sequences"
  packages = ["."]
  pruneopts = "UT"
  revision = "f55edac94c9bbba5d6182a4be46d86a2c9b5b50e"
  version = "v1.0.2"

[[projects]]
  digest = "1:22405216d0d99ab53d6a81b7ccf0df41679c0c99db1de67c889da8981b9ddf24"
  name = "github.com/plivo/plivo-go"
  packages = ["."]
  pruneopts = "UT"
  revision = "06679e293fc6cdb7a1b22260fca6b238ce1bcd4d"
  version = "v4.1.3"

[[projects]]
  branch = "master"
  digest = "1:add93b490df3b3741f8ad0f0fd1f21bd486bc049e2e6c5e89640eb6ddb19e975"
  name = "github.com/red-gold/telar-core"
  packages = [
    "config",
    "utils",
  ]
  pruneopts = "UT"
  revision = "e79e32647c8448ba19f6799756d13531b82223d9"

[[projects]]
  digest = "1:a3b8912deeef29007fab9a13a9f21b9e9b59c621a2ed61e2fe7b37320a71fbd5"
  name = "github.com/satori/go.uuid"
  packages = ["."]
  pruneopts = "UT"
  revision = "b2ce2384e17bbe0c6d34077efa39dbab3e09123b"

[[projects]]
  digest = "1:04457f9f6f3ffc5fea48e71d62f2ca256637dee0a04d710288e27e05c8b41976"
  name = "github.com/sirupsen/logrus"
  packages = ["."]
  pruneopts = "UT"
  revision = "839c75faf7f98a33d445d181f3018b5c3409a45e"
  version = "v1.4.2"

[[projects]]
  digest = "1:fbd07961034da405a6aebd31383f58975f9ece88b5ab295e1cc55f4d829a6459"
  name = "go.opencensus.io"
  packages = [
    ".",
    "internal",
    "internal/tagencoding",
    "metric/metricdata",
    "metric/metricproducer",
    "plugin/ocgrpc",
    "plugin/ochttp",
    "plugin/ochttp/propagation/b3",
    "resource",
    "stats",
    "stats/internal",
    "stats/view",
    "tag",
    "trace",
    "trace/internal",
    "trace/propagation",
    "trace/tracestate",
  ]
  pruneopts = "UT"
  revision = "aad2c527c5defcf89b5afab7f37274304195a6b2"
  version = "v0.22.2"

[[projects]]
  branch = "master"
  digest = "1:9d5b5d543996dd584da1db1e0de1926f3e4c3a8dba0fa2f8db70f3ebee2342e0"
  name = "golang.org/x/crypto"
  packages = [
    "bcrypt",
    "blowfish",
  ]
  pruneopts = "UT"
  revision = "e9b2fee46413994441b28dfca259d911d963dfed"

[[projects]]
  branch = "master"
  digest = "1:b1444bc98b5838c3116ed23e231fee4fa8509f975abd96e5d9e67e572dd01604"
  name = "golang.org/x/exp"
  packages = [
    "apidiff",
    "cmd/apidiff",
  ]
  pruneopts = "UT"
  revision = "2f50522955873285d9bf17ec91e55aec8ae82edc"

[[projects]]
  branch = "master"
  digest = "1:334b27eac455cb6567ea28cd424230b07b1a64334a2f861a8075ac26ce10af43"
  name = "golang.org/x/lint"
  packages = [
    ".",
    "golint",
  ]
  pruneopts = "UT"
  revision = "fdd1cda4f05fd1fd86124f0ef9ce31a0b72c8448"

[[projects]]
  branch = "master"
  digest = "1:676f320d34ccfa88bfa6d04bdf388ed7062af175355c805ef57ccda1a3f13432"
  name = "golang.org/x/net"
  packages = [
    "context",
    "context/ctxhttp",
    "http/httpguts",
    "http2",
    "http2/hpack",
    "idna",
    "internal/timeseries",
    "trace",
  ]
  pruneopts = "UT"
  revision = "c0dbc17a35534bf2e581d7a942408dc936316da4"

[[projects]]
  branch = "master"
  digest = "1:e9dec12f847de7d8cd7c1d3d0d89aa40a345a768fd20e10d378a260da9ad65aa"
  name = "golang.org/x/oauth2"
  packages = [
    ".",
    "google",
    "internal",
    "jws",
    "jwt",
  ]
  pruneopts = "UT"
  revision = "858c2ad4c8b6c5d10852cb89079f6ca1c7309787"

[[projects]]
  branch = "master"
  digest = "1:ba6d732e405a774883c0bf5d4fc977a1606968bd0b518552645160d50b73a69c"
  name = "golang.org/x/sys"
  packages = ["unix"]
  pruneopts = "UT"
  revision = "eeba5f6aabab6d6594a9191d6bfeaca5fa6a8248"

[[projects]]
  digest = "1:8d8faad6b12a3a4c819a3f9618cb6ee1fa1cfc33253abeeea8b55336721e3405"
  name = "golang.org/x/text"
  packages = [
    "collate",
    "collate/build",
    "internal/colltab",
    "internal/gen",
    "internal/language",
    "internal/language/compact",
    "internal/tag",
    "internal/triegen",
    "internal/ucd",
    "language",
    "secure/bidirule",
    "transform",
    "unicode/bidi",
    "unicode/cldr",
    "unicode/norm",
    "unicode/rangetable",
  ]
  pruneopts = "UT"
  revision = "342b2e1fbaa52c93f31447ad2c6abc048c63e475"
  version = "v0.3.2"

[[projects]]
  branch = "master"
  digest = "1:37a0e56eaf9989fd85a375cab17dfc9b2138d2deb4d7de3c8aad3134c4fc9bde"
  name = "golang.org/x/tools"
  packages = [
    "cmd/goimports",
    "go/analysis",
    "go/analysis/passes/inspect",
    "go/ast/astutil",
    "go/ast/inspector",
    "go/buildutil",
    "go/gcexportdata",
    "go/internal/gcimporter",
    "go/internal/packagesdriver",
    "go/packages",
    "go/types/objectpath",
    "go/types/typeutil",
    "internal/fastwalk",
    "internal/gopathwalk",
    "internal/imports",
    "internal/module",
    "internal/semver",
  ]
  pruneopts = "UT"
  revision = "22774f7dae43231ae3ff025ca3f8f2c37bdff19b"

[[projects]]
  digest = "1:d32edd0a007a87fff980a2c391660190307c14a6af1206878e5928298cff80be"
  name = "google.golang.org/api"
  packages = [
    "googleapi",
    "googleapi/transport",
    "internal",
    "internal/gensupport",
    "internal/third_party/uritemplates",
    "iterator",
    "option",
    "storage/v1",
    "transport",
    "transport/grpc",
    "transport/http",
    "transport/http/internal/propagation",
  ]
  pruneopts = "UT"
  revision = "8a410c21381766a810817fd6200fce8838ecb277"
  version = "v0.14.0"

[[projects]]
  digest = "1:c98e9b93e6d178378530b920fe6e1aa4b3dd4972872111e83827746aa1f33ded"
  name = "google.golang.org/appengine"
  packages = [
    ".",
    "internal",
    "internal/app_identity",
    "internal/base",
    "internal/datastore",
    "internal/log",
    "internal/modules",
    "internal/remote_api",
    "internal/socket",
    "internal/urlfetch",
    "socket",
    "urlfetch",
  ]
  pruneopts = "UT"
  revision = "971852bfffca25b069c31162ae8f247a3dba083b"
  version = "v1.6.5"

[[projects]]
  branch = "master"
  digest = "1:3208ee101edb1c0274527582bf4b2b60e23cffc3b6b19d03f55ce6aa571cfc7d"
  name = "google.golang.org/genproto"
  packages = [
    "googleapis/api/annotations",
    "googleapis/firestore/v1",
    "googleapis/iam/v1",
    "googleapis/rpc/code",
    "googleapis/rpc/status",
    "googleapis/type/expr",
    "googleapis/type/latlng",
  ]
  pruneopts = "UT"
  revision = "0243a4be9c8f1264d238fdc2895620b4d9baf9e1"

[[projects]]
  digest = "1:24e53d55c77347c4061c3ea97d11b2d3b495b263dd9f632f9ceabe3ca228ecc6"
  name = "google.golang.org/grpc"
  packages = [
    ".",
    "backoff",
    "balancer",
    "balancer/base",
    "balancer/grpclb",
    "balancer/grpclb/grpc_lb_v1",
    "balancer/roundrobin",
    "binarylog/grpc_binarylog_v1",
    "codes",
    "connectivity",
    "credentials",
    "credentials/alts",
    "credentials/alts/internal",
    "credentials/alts/internal/authinfo",
    "credentials/alts/internal/conn",
    "credentials/alts/internal/handshaker",
    "credentials/alts/internal/handshaker/service",
    "credentials/alts/internal/proto/grpc_gcp",
    "credentials/google",
    "credentials/internal",
    "credentials/oauth",
    "encoding",
    "encoding/proto",
    "grpclog",
    "internal",
    "internal/backoff",
    "internal/balancerload",
    "internal/binarylog",
    "internal/buffer",
    "internal/channelz",
    "internal/envconfig",
    "internal/grpcrand",
    "internal/grpcsync",
    "internal/resolver/dns",
    "internal/resolver/passthrough",
    "internal/syscall",
    "internal/transport",
    "keepalive",
    "metadata",
    "naming",
    "peer",
    "resolver",
    "serviceconfig",
    "stats",
    "status",
    "tap",
  ]
  pruneopts = "UT"
  revision = "1a3960e4bd028ac0cec0a2afd27d7d8e67c11514"
  version = "v1.25.1"

[[projects]]
  digest = "1:131158a88aad1f94854d0aa21a64af2802d0a470fb0f01cb33c04fafd2047111"
  name = "honnef.co/go/tools"
  packages = [
    "arg",
    "cmd/staticcheck",
    "config",
    "deprecated",
    "facts",
    "functions",
    "go/types/typeutil",
    "internal/cache",
    "internal/passes/buildssa",
    "internal/renameio",
    "internal/sharedcheck",
    "lint",
    "lint/lintdsl",
    "lint/lintutil",
    "lint/lintutil/format",
    "loader",
    "printf",
    "simple",
    "ssa",
    "ssautil",
    "staticcheck",
    "staticcheck/vrp",
    "stylecheck",
    "unused",
    "version",
  ]
  pruneopts = "UT"
  revision = "afd67930eec2a9ed3e9b19f684d17a062285f16a"
  version = "2019.2.3"

[solve-meta]
  analyzer-name = "dep"
  analyzer-version = 1
  input-imports = [
    "cloud.google.com/go/storage",
    "firebase.google.com/go",
    "github.com/Qolzam/openfaas-firebase-storage/storage/handlers",
    "github.com/julienschmidt/httprouter",
    "github.com/red-gold/telar-core/utils",
    "github.com/satori/go.uuid",
    "golang.org/x/oauth2/google",
    "google.golang.org/api/option",
  ]
  solver-name = "gps-cdcl"
  solver-version = 1
